<?xml version="1.0" encoding="UTF-8" standalone="yes" ?>
<CodeBlocks_project_file>
	<FileVersion major="1" minor="6" />
	<Project>
		<Option title="space_game" />
		<Option pch_mode="2" />
		<Option compiler="gcc" />
		<Build>
			<Target title="Debug">
				<Option output="bin/Debug/space_game" prefix_auto="1" extension_auto="1" />
				<Option object_output="obj/Debug/" />
				<Option type="1" />
				<Option compiler="gcc" />
				<Compiler>
					<Add option="-g" />
					<Add directory="E:/_Areas/College life/LTNC_code/space_game/icld" />
				</Compiler>
				<Linker>
					<Add directory="E:/_Areas/College life/LTNC_code/space_game/icld" />
				</Linker>
			</Target>
			<Target title="Release">
				<Option output="bin/Release/space_game" prefix_auto="1" extension_auto="1" />
				<Option object_output="obj/Release/" />
				<Option type="1" />
				<Option compiler="gcc" />
				<Compiler>
					<Add option="-O2" />
				</Compiler>
				<Linker>
					<Add option="-s" />
				</Linker>
			</Target>
		</Build>
		<Compiler>
			<Add option="-Wall" />
			<Add option="-fexceptions" />
		</Compiler>
		<Unit filename="icld/background.h" />
		<Unit filename="icld/bullet.h" />
		<Unit filename="icld/player.h" />
		<Unit filename="icld/textureatlas.h" />
		<Unit filename="icld/vector2d.h" />
		<Unit filename="src/background.cpp" />
		<Unit filename="src/bullet.cpp" />
		<Unit filename="src/main.cpp" />
		<Unit filename="src/player.cpp" />
		<Unit filename="src/textureatlas.cpp" />
		<Unit filename="src/vector2d.cpp" />
		<Extensions>
			<lib_finder disable_auto="1" />
		</Extensions>
	</Project>
</CodeBlocks_project_file>
